// !$*UTF8*$!
{
	archiveVersion = 1;
	classes = {
	};
	objectVersion = 50;
	objects = {

/* Begin PBXBuildFile section */
		6700677624C8AFAB00C6A589 /* AppDelegate.swift in Sources */ = {isa = PBXBuildFile; fileRef = 6700677524C8AFAB00C6A589 /* AppDelegate.swift */; };
		6700677824C8AFAB00C6A589 /* SceneDelegate.swift in Sources */ = {isa = PBXBuildFile; fileRef = 6700677724C8AFAB00C6A589 /* SceneDelegate.swift */; };
		6700677A24C8AFAB00C6A589 /* ContentView.swift in Sources */ = {isa = PBXBuildFile; fileRef = 6700677924C8AFAB00C6A589 /* ContentView.swift */; };
		6700677C24C8AFAE00C6A589 /* Assets.xcassets in Resources */ = {isa = PBXBuildFile; fileRef = 6700677B24C8AFAE00C6A589 /* Assets.xcassets */; };
		6700677F24C8AFAE00C6A589 /* Preview Assets.xcassets in Resources */ = {isa = PBXBuildFile; fileRef = 6700677E24C8AFAE00C6A589 /* Preview Assets.xcassets */; };
		6700678224C8AFAE00C6A589 /* LaunchScreen.storyboard in Resources */ = {isa = PBXBuildFile; fileRef = 6700678024C8AFAE00C6A589 /* LaunchScreen.storyboard */; };
/* End PBXBuildFile section */

/* Begin PBXFileReference section */
		6700677224C8AFAB00C6A589 /* PickerViewInSwiftUI.app */ = {isa = PBXFileReference; explicitFileType = wrapper.application; includeInIndex = 0; path = PickerViewInSwiftUI.app; sourceTree = BUILT_PRODUCTS_DIR; };
		6700677524C8AFAB00C6A589 /* AppDelegate.swift */ = {isa = PBXFileReference; lastKnownFileType = sourcecode.swift; path = AppDelegate.swift; sourceTree = "<group>"; };
		6700677724C8AFAB00C6A589 /* SceneDelegate.swift */ = {isa = PBXFileReference; lastKnownFileType = sourcecode.swift; path = SceneDelegate.swift; sourceTree = "<group>"; };
		6700677924C8AFAB00C6A589 /* ContentView.swift */ = {isa = PBXFileReference; lastKnownFileType = sourcecode.swift; path = ContentView.swift; sourceTree = "<group>"; };
		6700677B24C8AFAE00C6A589 /* Assets.xcassets */ = {isa = PBXFileReference; lastKnownFileType = folder.assetcatalog; path = Assets.xcassets; sourceTree = "<group>"; };
		6700677E24C8AFAE00C6A589 /* Preview Assets.xcassets */ = {isa = PBXFileReference; lastKnownFileType = folder.assetcatalog; path = "Preview Assets.xcassets"; sourceTree = "<group>"; };
		6700678124C8AFAE00C6A589 /* Base */ = {isa = PBXFileReference; lastKnownFileType = file.storyboard; name = Base; path = Base.lproj/LaunchScreen.storyboard; sourceTree = "<group>"; };
		6700678324C8AFAE00C6A589 /* Info.plist */ = {isa = PBXFileReference; lastKnownFileType = text.plist.xml; path = Info.plist; sourceTree = "<group>"; };
/* End PBXFileReference section */

/* Begin PBXFrameworksBuildPhase section */
		6700676F24C8AFAB00C6A589 /* Frameworks */ = {
			isa = PBXFrameworksBuildPhase;
			buildActionMask = 2147483647;
			files = (
			);
			runOnlyForDeploymentPostprocessing = 0;
		};
/* End PBXFrameworksBuildPhase section */

/* Begin PBXGroup section */
		6700676924C8AFAB00C6A589 = {
			isa = PBXGroup;
			children = (
				6700677424C8AFAB00C6A589 /* PickerViewInSwiftUI */,
				6700677324C8AFAB00C6A589 /* Products */,
			);
			sourceTree = "<group>";
		};
		6700677324C8AFAB00C6A589 /* Products */ = {
			isa = PBXGroup;
			children = (
				6700677224C8AFAB00C6A589 /* PickerViewInSwiftUI.app */,
			);
			name = Products;
			sourceTree = "<group>";
		};
		6700677424C8AFAB00C6A589 /* PickerViewInSwiftUI */ = {
			isa = PBXGroup;
			children = (
				6700677524C8AFAB00C6A589 /* AppDelegate.swift */,
				6700677724C8AFAB00C6A589 /* SceneDelegate.swift */,
				6700677924C8AFAB00C6A589 /* ContentView.swift */,
				6700677B24C8AFAE00C6A589 /* Assets.xcassets */,
				6700678024C8AFAE00C6A589 /* LaunchScreen.storyboard */,
				6700678324C8AFAE00C6A589 /* Info.plist */,
				6700677D24C8AFAE00C6A589 /* Preview Content */,
			);
			path = PickerViewInSwiftUI;
			sourceTree = "<group>";
		};
		6700677D24C8AFAE00C6A589 /* Preview Content */ = {
			isa = PBXGroup;
			children = (
				6700677E24C8AFAE00C6A589 /* Preview Assets.xcassets */,
			);
			path = "Preview Content";
			sourceTree = "<group>";
		};
/* End PBXGroup section */

/* Begin PBXNativeTarget section */
		6700677124C8AFAB00C6A589 /* PickerViewInSwiftUI */ = {
			isa = PBXNativeTarget;
			buildConfigurationList = 6700678624C8AFAE00C6A589 /* Build configuration list for PBXNativeTarget "PickerViewInSwiftUI" */;
			buildPhases = (
				6700676E24C8AFAB00C6A589 /* Sources */,
				6700676F24C8AFAB00C6A589 /* Frameworks */,
				6700677024C8AFAB00C6A589 /* Resources */,
			);
			buildRules = (
			);
			dependencies = (
			);
			name = PickerViewInSwiftUI;
			productName = PickerViewInSwiftUI;
			productReference = 6700677224C8AFAB00C6A589 /* PickerViewInSwiftUI.app */;
			productType = "com.apple.product-type.application";
		};
/* End PBXNativeTarget section */

/* Begin PBXProject section */
		6700676A24C8AFAB00C6A589 /* Project object */ = {
			isa = PBXProject;
			attributes = {
				LastSwiftUpdateCheck = 1140;
				LastUpgradeCheck = 1140;
				ORGANIZATIONNAME = "Sanjay Mishra";
				TargetAttributes = {
					6700677124C8AFAB00C6A589 = {
						CreatedOnToolsVersion = 11.4.1;
					};
				};
			};
			buildConfigurationList = 6700676D24C8AFAB00C6A589 /* Build configuration list for PBXProject "PickerViewInSwiftUI" */;
			compatibilityVersion = "Xcode 9.3";
			developmentRegion = en;
			hasScannedForEncodings = 0;
			knownRegions = (
				en,
				Base,
			);
			mainGroup = 6700676924C8AFAB00C6A589;
			productRefGroup = 6700677324C8AFAB00C6A589 /* Products */;
			projectDirPath = "";
			projectRoot = "";
			targets = (
				6700677124C8AFAB00C6A589 /* PickerViewInSwiftUI */,
			);
		};
/* End PBXProject section */

/* Begin PBXResourcesBuildPhase section */
		6700677024C8AFAB00C6A589 /* Resources */ = {
			isa = PBXResourcesBuildPhase;
			buildActionMask = 2147483647;
			files = (
				6700678224C8AFAE00C6A589 /* LaunchScreen.storyboard in Resources */,
				6700677F24C8AFAE00C6A589 /* Preview Assets.xcassets in Resources */,
				6700677C24C8AFAE00C6A589 /* Assets.xcassets in Resources */,
			);
			runOnlyForDeploymentPostprocessing = 0;
		};
/* End PBXResourcesBuildPhase section */

/* Begin PBXSourcesBuildPhase section */
		6700676E24C8AFAB00C6A589 /* Sources */ = {
			isa = PBXSourcesBuildPhase;
			buildActionMask = 2147483647;
			files = (
				6700677624C8AFAB00C6A589 /* AppDelegate.swift in Sources */,
				6700677824C8AFAB00C6A589 /* SceneDelegate.swift in Sources */,
				6700677A24C8AFAB00C6A589 /* ContentView.swift in Sources */,
			);
			runOnlyForDeploymentPostprocessing = 0;
		};
/* End PBXSourcesBuildPhase section */

/* Begin PBXVariantGroup section */
		6700678024C8AFAE00C6A589 /* LaunchScreen.storyboard */ = {
			isa = PBXVariantGroup;
			children = (
				6700678124C8AFAE00C6A589 /* Base */,
			);
			name = LaunchScreen.storyboard;
			sourceTree = "<group>";
		};
/* End PBXVariantGroup section */

/* Begin XCBuildConfiguration section */
		6700678424C8AFAE00C6A589 /* Debug */ = {
			isa = XCBuildConfiguration;
			buildSettings = {
				ALWAYS_SEARCH_USER_PATHS = NO;
				CLANG_ANALYZER_NONNULL = YES;
				CLANG_ANALYZER_NUMBER_OBJECT_CONVERSION = YES_AGGRESSIVE;
				CLANG_CXX_LANGUAGE_STANDARD = "gnu++14";
				CLANG_CXX_LIBRARY = "libc++";
				CLANG_ENABLE_MODULES = YES;
				CLANG_ENABLE_OBJC_ARC = YES;
				CLANG_ENABLE_OBJC_WEAK = YES;
				CLANG_WARN_BLOCK_CAPTURE_AUTORELEASING = YES;
				CLANG_WARN_BOOL_CONVERSION = YES;
				CLANG_WARN_COMMA = YES;
				CLANG_WARN_CONSTANT_CONVERSION = YES;
				CLANG_WARN_DEPRECATED_OBJC_IMPLEMENTATIONS = YES;
				CLANG_WARN_DIRECT_OBJC_ISA_USAGE = YES_ERROR;
				CLANG_WARN_DOCUMENTATION_COMMENTS = YES;
				CLANG_WARN_EMPTY_BODY = YES;
				CLANG_WARN_ENUM_CONVERSION = YES;
				CLANG_WARN_INFINITE_RECURSION = YES;
				CLANG_WARN_INT_CONVERSION = YES;
				CLANG_WARN_NON_LITERAL_NULL_CONVERSION = YES;
				CLANG_WARN_OBJC_IMPLICIT_RETAIN_SELF = YES;
				CLANG_WARN_OBJC_LITERAL_CONVERSION = YES;
				CLANG_WARN_OBJC_ROOT_CLASS = YES_ERROR;
				CLANG_WARN_RANGE_LOOP_ANALYSIS = YES;
				CLANG_WARN_STRICT_PROTOTYPES = YES;
				CLANG_WARN_SUSPICIOUS_MOVE = YES;
				CLANG_WARN_UNGUARDED_AVAILABILITY = YES_AGGRESSIVE;
				CLANG_WARN_UNREACHABLE_CODE = YES;
				CLANG_WARN__DUPLICATE_METHOD_MATCH = YES;
				COPY_PHASE_STRIP = NO;
				DEBUG_INFORMATION_FORMAT = dwarf;
				ENABLE_STRICT_OBJC_MSGSEND = YES;
				ENABLE_TESTABILITY = YES;
				GCC_C_LANGUAGE_STANDARD = gnu11;
				GCC_DYNAMIC_NO_PIC = NO;
				GCC_NO_COMMON_BLOCKS = YES;
				GCC_OPTIMIZATION_LEVEL = 0;
				GCC_PREPROCESSOR_DEFINITIONS = (
					"DEBUG=1",
					"$(inherited)",
				);
				GCC_WARN_64_TO_32_BIT_CONVERSION = YES;
				GCC_WARN_ABOUT_RETURN_TYPE = YES_ERROR;
				GCC_WARN_UNDECLARED_SELECTOR = YES;
				GCC_WARN_UNINITIALIZED_AUTOS = YES_AGGRESSIVE;
				GCC_WARN_UNUSED_FUNCTION = YES;
				GCC_WARN_UNUSED_VARIABLE = YES;
				IPHONEOS_DEPLOYMENT_TARGET = 13.4;
				MTL_ENABLE_DEBUG_INFO = INCLUDE_SOURCE;
				MTL_FAST_MATH = YES;
				ONLY_ACTIVE_ARCH = YES;
				SDKROOT = iphoneos;
				SWIFT_ACTIVE_COMPILATION_CONDITIONS = DEBUG;
				SWIFT_OPTIMIZATION_LEVEL = "-Onone";
			};
			name = Debug;
		};
		6700678524C8AFAE00C6A589 /* Release */ = {
			isa = XCBuildConfiguration;
			buildSettings = {
				ALWAYS_SEARCH_USER_PATHS = NO;
				CLANG_ANALYZER_NONNULL = YES;
				CLANG_ANALYZER_NUMBER_OBJECT_CONVERSION = YES_AGGRESSIVE;
				CLANG_CXX_LANGUAGE_STANDARD = "gnu++14";
				CLANG_CXX_LIBRARY = "libc++";
				CLANG_ENABLE_MODULES = YES;
				CLANG_ENABLE_OBJC_ARC = YES;
				CLANG_ENABLE_OBJC_WEAK = YES;
				CLANG_WARN_BLOCK_CAPTURE_AUTORELEASING = YES;
				CLANG_WARN_BOOL_CONVERSION = YES;
				CLANG_WARN_COMMA = YES;
				CLANG_WARN_CONSTANT_CONVERSION = YES;
				CLANG_WARN_DEPRECATED_OBJC_IMPLEMENTATIONS = YES;
				CLANG_WARN_DIRECT_OBJC_ISA_USAGE = YES_ERROR;
				CLANG_WARN_DOCUMENTATION_COMMENTS = YES;
				CLANG_WARN_EMPTY_BODY = YES;
				CLANG_WARN_ENUM_CONVERSION = YES;
				CLANG_WARN_INFINITE_RECURSION = YES;
				CLANG_WARN_INT_CONVERSION = YES;
				CLANG_WARN_NON_LITERAL_NULL_CONVERSION = YES;
				CLANG_WARN_OBJC_IMPLICIT_RETAIN_SELF = YES;
				CLANG_WARN_OBJC_LITERAL_CONVERSION = YES;
				CLANG_WARN_OBJC_ROOT_CLASS = YES_ERROR;
				CLANG_WARN_RANGE_LOOP_ANALYSIS = YES;
				CLANG_WARN_STRICT_PROTOTYPES = YES;
				CLANG_WARN_SUSPICIOUS_MOVE = YES;
				CLANG_WARN_UNGUARDED_AVAILABILITY = YES_AGGRESSIVE;
				CLANG_WARN_UNREACHABLE_CODE = YES;
				CLANG_WARN__DUPLICATE_METHOD_MATCH = YES;
				COPY_PHASE_STRIP = NO;
				DEBUG_INFORMATION_FORMAT = "dwarf-with-dsym";
				ENABLE_NS_ASSERTIONS = NO;
				ENABLE_STRICT_OBJC_MSGSEND = YES;
				GCC_C_LANGUAGE_STANDARD = gnu11;
				GCC_NO_COMMON_BLOCKS = YES;
				GCC_WARN_64_TO_32_BIT_CONVERSION = YES;
				GCC_WARN_ABOUT_RETURN_TYPE = YES_ERROR;
				GCC_WARN_UNDECLARED_SELECTOR = YES;
				GCC_WARN_UNINITIALIZED_AUTOS = YES_AGGRESSIVE;
				GCC_WARN_UNUSED_FUNCTION = YES;
				GCC_WARN_UNUSED_VARIABLE = YES;
				IPHONEOS_DEPLOYMENT_TARGET = 13.4;
				MTL_ENABLE_DEBUG_INFO = NO;
				MTL_FAST_MATH = YES;
				SDKROOT = iphoneos;
				SWIFT_COMPILATION_MODE = wholemodule;
				SWIFT_OPTIMIZATION_LEVEL = "-O";
				VALIDATE_PRODUCT = YES;
			};
			name = Release;
		};
		6700678724C8AFAE00C6A589 /* Debug */ = {
			isa = XCBuildConfiguration;
			buildSettings = {
				ASSETCATALOG_COMPILER_APPICON_NAME = AppIcon;
				CODE_SIGN_STYLE = Automatic;
				DEVELOPMENT_ASSET_PATHS = "\"PickerViewInSwiftUI/Preview Content\"";
				DEVELOPMENT_TEAM = N895LRUSFM;
				ENABLE_PREVIEWS = YES;
				INFOPLIST_FILE = PickerViewInSwiftUI/Info.plist;
				LD_RUNPATH_SEARCH_PATHS = (
					"$(inherited)",
					"@executable_path/Frameworks",
				);
				PRODUCT_BUNDLE_IDENTIFIER = sanjayMishra.PickerViewInSwiftUI;
				PRODUCT_NAME = "$(TARGET_NAME)";
				SWIFT_VERSION = 5.0;
				TARGETED_DEVICE_FAMILY = "1,2";
			};
			name = Debug;
		};
		6700678824C8AFAE00C6A589 /* Release */ = {
			isa = XCBuildConfiguration;
			buildSettings = {
				ASSETCATALOG_COMPILER_APPICON_NAME = AppIcon;
				CODE_SIGN_STYLE = Automatic;
				DEVELOPMENT_ASSET_PATHS = "\"PickerViewInSwiftUI/Preview Content\"";
				DEVELOPMENT_TEAM = N895LRUSFM;
				ENABLE_PREVIEWS = YES;
				INFOPLIST_FILE = PickerViewInSwiftUI/Info.plist;
				LD_RUNPATH_SEARCH_PATHS = (
					"$(inherited)",
					"@executable_path/Frameworks",
				);
				PRODUCT_BUNDLE_IDENTIFIER = sanjayMishra.PickerViewInSwiftUI;
				PRODUCT_NAME = "$(TARGET_NAME)";
				SWIFT_VERSION = 5.0;
				TARGETED_DEVICE_FAMILY = "1,2";
			};
			name = Release;
		};
/* End XCBuildConfiguration section */

/* Begin XCConfigurationList section */
		6700676D24C8AFAB00C6A589 /* Build configuration list for PBXProject "PickerViewInSwiftUI" */ = {
			isa = XCConfigurationList;
			buildConfigurations = (
				6700678424C8AFAE00C6A589 /* Debug */,
				6700678524C8AFAE00C6A589 /* Release */,
			);
			defaultConfigurationIsVisible = 0;
			defaultConfigurationName = Release;
		};
		6700678624C8AFAE00C6A589 /* Build configuration list for PBXNativeTarget "PickerViewInSwiftUI" */ = {
			isa = XCConfigurationList;
			buildConfigurations = (
				6700678724C8AFAE00C6A589 /* Debug */,
				6700678824C8AFAE00C6A589 /* Release */,
			);
			defaultConfigurationIsVisible = 0;
			defaultConfigurationName = Release;
		};
/* End XCConfigurationList section */
	};
	rootObject = 6700676A24C8AFAB00C6A589 /* Project object */;
}
